
Microsoft Visual Studio Solution File, Format Version 12.00
# Visual Studio Version 16
VisualStudioVersion = 16.0.28917.181
MinimumVisualStudioVersion = 10.0.40219.1
Project("{FAE04EC0-301F-11D3-BF4B-00C04F79EFBC}") = "DockerAppTry", "DockerAppTry\DockerAppTry.csproj", "{F924B5F7-5B4B-4810-8604-D36565D9CA43}"
EndProject
Global
	GlobalSection(SolutionConfigurationPlatforms) = preSolution
		Debug|Any CPU = Debug|Any CPU
		Release|Any CPU = Release|Any CPU
	EndGlobalSection
	GlobalSection(ProjectConfigurationPlatforms) = postSolution
		{F924B5F7-5B4B-4810-8604-D36565D9CA43}.Debug|Any CPU.ActiveCfg = Debug|Any CPU
		{F924B5F7-5B4B-4810-8604-D36565D9CA43}.Debug|Any CPU.Build.0 = Debug|Any CPU
		{F924B5F7-5B4B-4810-8604-D36565D9CA43}.Release|Any CPU.ActiveCfg = Release|Any CPU
		{F924B5F7-5B4B-4810-8604-D36565D9CA43}.Release|Any CPU.Build.0 = Release|Any CPU
	EndGlobalSection
	GlobalSection(SolutionProperties) = preSolution
		HideSolutionNode = FALSE
	EndGlobalSection
	GlobalSection(ExtensibilityGlobals) = postSolution
		SolutionGuid = {54F108A6-E393-4EB6-A90A-B45FCDA4C738}
	EndGlobalSection
EndGlobal
